
Microsoft Visual Studio Solution File, Format Version 12.00
# Visual Studio Version 17
VisualStudioVersion = 17.0.31903.59
MinimumVisualStudioVersion = 10.0.40219.1
Project("{2150E333-8FDC-42A3-9474-1A3956D46DE8}") = "src", "src", "{EA1F8451-7A9D-47B7-B3CB-08B43AFB3BDF}"
EndProject
Project("{FAE04EC0-301F-11D3-BF4B-00C04F79EFBC}") = "SmartStudy.Core", "src\SmartStudy.Core\SmartStudy.Core.csproj", "{60738865-3C53-4D61-AF11-6E766979EAA6}"
EndProject
Project("{FAE04EC0-301F-11D3-BF4B-00C04F79EFBC}") = "SmartStudy.Cli", "src\SmartStudy.Cli\SmartStudy.Cli.csproj", "{D3EACDFD-5361-4CB7-B631-9EADA399DBA9}"
EndProject
Project("{FAE04EC0-301F-11D3-BF4B-00C04F79EFBC}") = "SmartStudy.Mcp", "src\SmartStudy.Mcp\SmartStudy.Mcp.csproj", "{29DD9203-D56E-44C6-A8EE-D59AB2F1A887}"
EndProject
Project("{2150E333-8FDC-42A3-9474-1A3956D46DE8}") = "tests", "tests", "{CBD566B7-3107-4B98-8A74-A72B11742E6A}"
EndProject
Project("{FAE04EC0-301F-11D3-BF4B-00C04F79EFBC}") = "SmartStudy.Tests", "tests\SmartStudy.Tests\SmartStudy.Tests.csproj", "{EB9580CA-9ABA-43ED-A6FE-9C82518DBD69}"
EndProject
Global
	GlobalSection(SolutionConfigurationPlatforms) = preSolution
		Debug|Any CPU = Debug|Any CPU
		Release|Any CPU = Release|Any CPU
	EndGlobalSection
	GlobalSection(SolutionProperties) = preSolution
		HideSolutionNode = FALSE
	EndGlobalSection
	GlobalSection(ProjectConfigurationPlatforms) = postSolution
		{60738865-3C53-4D61-AF11-6E766979EAA6}.Debug|Any CPU.ActiveCfg = Debug|Any CPU
		{60738865-3C53-4D61-AF11-6E766979EAA6}.Debug|Any CPU.Build.0 = Debug|Any CPU
		{60738865-3C53-4D61-AF11-6E766979EAA6}.Release|Any CPU.ActiveCfg = Release|Any CPU
		{60738865-3C53-4D61-AF11-6E766979EAA6}.Release|Any CPU.Build.0 = Release|Any CPU
		{D3EACDFD-5361-4CB7-B631-9EADA399DBA9}.Debug|Any CPU.ActiveCfg = Debug|Any CPU
		{D3EACDFD-5361-4CB7-B631-9EADA399DBA9}.Debug|Any CPU.Build.0 = Debug|Any CPU
		{D3EACDFD-5361-4CB7-B631-9EADA399DBA9}.Release|Any CPU.ActiveCfg = Release|Any CPU
		{D3EACDFD-5361-4CB7-B631-9EADA399DBA9}.Release|Any CPU.Build.0 = Release|Any CPU
		{29DD9203-D56E-44C6-A8EE-D59AB2F1A887}.Debug|Any CPU.ActiveCfg = Debug|Any CPU
		{29DD9203-D56E-44C6-A8EE-D59AB2F1A887}.Debug|Any CPU.Build.0 = Debug|Any CPU
		{29DD9203-D56E-44C6-A8EE-D59AB2F1A887}.Release|Any CPU.ActiveCfg = Release|Any CPU
		{29DD9203-D56E-44C6-A8EE-D59AB2F1A887}.Release|Any CPU.Build.0 = Release|Any CPU
		{EB9580CA-9ABA-43ED-A6FE-9C82518DBD69}.Debug|Any CPU.ActiveCfg = Debug|Any CPU
		{EB9580CA-9ABA-43ED-A6FE-9C82518DBD69}.Debug|Any CPU.Build.0 = Debug|Any CPU
		{EB9580CA-9ABA-43ED-A6FE-9C82518DBD69}.Release|Any CPU.ActiveCfg = Release|Any CPU
		{EB9580CA-9ABA-43ED-A6FE-9C82518DBD69}.Release|Any CPU.Build.0 = Release|Any CPU
	EndGlobalSection
	GlobalSection(NestedProjects) = preSolution
		{60738865-3C53-4D61-AF11-6E766979EAA6} = {EA1F8451-7A9D-47B7-B3CB-08B43AFB3BDF}
		{D3EACDFD-5361-4CB7-B631-9EADA399DBA9} = {EA1F8451-7A9D-47B7-B3CB-08B43AFB3BDF}
		{29DD9203-D56E-44C6-A8EE-D59AB2F1A887} = {EA1F8451-7A9D-47B7-B3CB-08B43AFB3BDF}
		{EB9580CA-9ABA-43ED-A6FE-9C82518DBD69} = {CBD566B7-3107-4B98-8A74-A72B11742E6A}
	EndGlobalSection
EndGlobal
